
Microsoft Visual Studio Solution File, Format Version 12.00
# Visual Studio Version 16
VisualStudioVersion = 25.0.1705.2
MinimumVisualStudioVersion = 10.0.40219.1
Project("{FAE04EC0-301F-11D3-BF4B-00C04F79EFBC}") = "WordLib", "WordLib\WordLib.csproj", "{BCC8A4F0-EF3C-4124-9603-CF03596D77F4}"
EndProject
Project("{FAE04EC0-301F-11D3-BF4B-00C04F79EFBC}") = "WordLibTests", "WordLibTests\WordLibTests.csproj", "{97C4D08F-594F-4534-BE63-67905FA911AB}"
EndProject
Global
	GlobalSection(SolutionConfigurationPlatforms) = preSolution
		Debug|Any CPU = Debug|Any CPU
		Release|Any CPU = Release|Any CPU
	EndGlobalSection
	GlobalSection(ProjectConfigurationPlatforms) = postSolution
		{BCC8A4F0-EF3C-4124-9603-CF03596D77F4}.Debug|Any CPU.ActiveCfg = Debug|Any CPU
		{BCC8A4F0-EF3C-4124-9603-CF03596D77F4}.Debug|Any CPU.Build.0 = Debug|Any CPU
		{BCC8A4F0-EF3C-4124-9603-CF03596D77F4}.Release|Any CPU.ActiveCfg = Release|Any CPU
		{BCC8A4F0-EF3C-4124-9603-CF03596D77F4}.Release|Any CPU.Build.0 = Release|Any CPU
		{97C4D08F-594F-4534-BE63-67905FA911AB}.Debug|Any CPU.ActiveCfg = Debug|Any CPU
		{97C4D08F-594F-4534-BE63-67905FA911AB}.Debug|Any CPU.Build.0 = Debug|Any CPU
		{97C4D08F-594F-4534-BE63-67905FA911AB}.Release|Any CPU.ActiveCfg = Release|Any CPU
		{97C4D08F-594F-4534-BE63-67905FA911AB}.Release|Any CPU.Build.0 = Release|Any CPU
	EndGlobalSection
	GlobalSection(SolutionProperties) = preSolution
		HideSolutionNode = FALSE
	EndGlobalSection
	GlobalSection(ExtensibilityGlobals) = postSolution
		SolutionGuid = {2CBD485E-44A6-49FD-8534-3DF2E87BBC25}
	EndGlobalSection
EndGlobal
